PODS:
  - NVActivityIndicatorView (5.1.1):
    - NVActivityIndicatorView/Base (= 5.1.1)
  - NVActivityIndicatorView/Base (5.1.1)
  - ReachabilitySwift (5.0.0)
  - Realm (4.4.0):
    - Realm/Headers (= 4.4.0)
  - Realm/Headers (4.4.0)
  - RealmSwift (4.4.0):
    - Realm (= 4.4.0)
  - SDWebImage (5.10.4):
    - SDWebImage/Core (= 5.10.4)
  - SDWebImage/Core (5.10.4)

DEPENDENCIES:
  - NVActivityIndicatorView
  - ReachabilitySwift
  - RealmSwift (= 4.4.0)
  - SDWebImage

SPEC REPOS:
  trunk:
    - NVActivityIndicatorView
    - ReachabilitySwift
    - Realm
    - RealmSwift
    - SDWebImage

SPEC CHECKSUMS:
  NVActivityIndicatorView: 1f6c5687f1171810aa27a3296814dc2d7dec3667
  ReachabilitySwift: 985039c6f7b23a1da463388634119492ff86c825
  Realm: e125f464884cda953ebefe70c671b75b03b81b9b
  RealmSwift: 33656a42bd300959a081fc13347376bc478071af
  SDWebImage: c666b97e1fa9c64b4909816a903322018f0a9c84

PODFILE CHECKSUM: 124f4cb5bcfb9f0fa67da1415d45402126bb7fc5

COCOAPODS: 1.9.1
